
Microsoft Visual Studio Solution File, Format Version 12.00
# Visual Studio Version 17
VisualStudioVersion = 17.3.32901.215
MinimumVisualStudioVersion = 10.0.40219.1
Project("{9A19103F-16F7-4668-BE54-9A1E7A4F7556}") = "Messaging", "Messaging\Messaging.csproj", "{3EED7F07-E22F-49BC-99A1-F4B54B0E302D}"
EndProject
Project("{9A19103F-16F7-4668-BE54-9A1E7A4F7556}") = "Notifications", "Notifications\Notifications.csproj", "{12880FD4-A99B-4C43-8087-B6DE6C1DD245}"
EndProject
Project("{9A19103F-16F7-4668-BE54-9A1E7A4F7556}") = "Restaurant.Booking", "Restaurant.Booking\Restaurant.Booking.csproj", "{5928E7FE-B6E0-4E73-9A89-5DF2B7DAFA54}"
EndProject
Project("{9A19103F-16F7-4668-BE54-9A1E7A4F7556}") = "Restaurant.Messages", "Restaurant.Messages\Restaurant.Messages.csproj", "{439A68B6-E604-4702-B921-1C6DFAB92E15}"
EndProject
Project("{9A19103F-16F7-4668-BE54-9A1E7A4F7556}") = "Restaurant.Kitchen", "Restaurant.Kitchen\Restaurant.Kitchen.csproj", "{5647B04A-B184-4A5B-B488-D1B1D6D23E47}"
EndProject
Project("{9A19103F-16F7-4668-BE54-9A1E7A4F7556}") = "Restaurant.Tests", "Restaurant.Tests\Restaurant.Tests.csproj", "{5CD911D3-E709-4B54-8493-FFD8487591CC}"
EndProject
Global
	GlobalSection(SolutionConfigurationPlatforms) = preSolution
		Debug|Any CPU = Debug|Any CPU
		Release|Any CPU = Release|Any CPU
	EndGlobalSection
	GlobalSection(ProjectConfigurationPlatforms) = postSolution
		{3EED7F07-E22F-49BC-99A1-F4B54B0E302D}.Debug|Any CPU.ActiveCfg = Debug|Any CPU
		{3EED7F07-E22F-49BC-99A1-F4B54B0E302D}.Debug|Any CPU.Build.0 = Debug|Any CPU
		{3EED7F07-E22F-49BC-99A1-F4B54B0E302D}.Release|Any CPU.ActiveCfg = Release|Any CPU
		{3EED7F07-E22F-49BC-99A1-F4B54B0E302D}.Release|Any CPU.Build.0 = Release|Any CPU
		{12880FD4-A99B-4C43-8087-B6DE6C1DD245}.Debug|Any CPU.ActiveCfg = Debug|Any CPU
		{12880FD4-A99B-4C43-8087-B6DE6C1DD245}.Debug|Any CPU.Build.0 = Debug|Any CPU
		{12880FD4-A99B-4C43-8087-B6DE6C1DD245}.Release|Any CPU.ActiveCfg = Release|Any CPU
		{12880FD4-A99B-4C43-8087-B6DE6C1DD245}.Release|Any CPU.Build.0 = Release|Any CPU
		{5928E7FE-B6E0-4E73-9A89-5DF2B7DAFA54}.Debug|Any CPU.ActiveCfg = Debug|Any CPU
		{5928E7FE-B6E0-4E73-9A89-5DF2B7DAFA54}.Debug|Any CPU.Build.0 = Debug|Any CPU
		{5928E7FE-B6E0-4E73-9A89-5DF2B7DAFA54}.Release|Any CPU.ActiveCfg = Release|Any CPU
		{5928E7FE-B6E0-4E73-9A89-5DF2B7DAFA54}.Release|Any CPU.Build.0 = Release|Any CPU
		{439A68B6-E604-4702-B921-1C6DFAB92E15}.Debug|Any CPU.ActiveCfg = Debug|Any CPU
		{439A68B6-E604-4702-B921-1C6DFAB92E15}.Debug|Any CPU.Build.0 = Debug|Any CPU
		{439A68B6-E604-4702-B921-1C6DFAB92E15}.Release|Any CPU.ActiveCfg = Release|Any CPU
		{439A68B6-E604-4702-B921-1C6DFAB92E15}.Release|Any CPU.Build.0 = Release|Any CPU
		{5647B04A-B184-4A5B-B488-D1B1D6D23E47}.Debug|Any CPU.ActiveCfg = Debug|Any CPU
		{5647B04A-B184-4A5B-B488-D1B1D6D23E47}.Debug|Any CPU.Build.0 = Debug|Any CPU
		{5647B04A-B184-4A5B-B488-D1B1D6D23E47}.Release|Any CPU.ActiveCfg = Release|Any CPU
		{5647B04A-B184-4A5B-B488-D1B1D6D23E47}.Release|Any CPU.Build.0 = Release|Any CPU
		{5CD911D3-E709-4B54-8493-FFD8487591CC}.Debug|Any CPU.ActiveCfg = Debug|Any CPU
		{5CD911D3-E709-4B54-8493-FFD8487591CC}.Debug|Any CPU.Build.0 = Debug|Any CPU
		{5CD911D3-E709-4B54-8493-FFD8487591CC}.Release|Any CPU.ActiveCfg = Release|Any CPU
		{5CD911D3-E709-4B54-8493-FFD8487591CC}.Release|Any CPU.Build.0 = Release|Any CPU
	EndGlobalSection
	GlobalSection(SolutionProperties) = preSolution
		HideSolutionNode = FALSE
	EndGlobalSection
	GlobalSection(ExtensibilityGlobals) = postSolution
		SolutionGuid = {5C62466D-9B0C-40F0-BC27-9A2EB94CED35}
	EndGlobalSection
EndGlobal
